
Microsoft Visual Studio Solution File, Format Version 12.00
# Visual Studio Version 17
VisualStudioVersion = 17.9.34902.65
MinimumVisualStudioVersion = 10.0.40219.1
Project("{9A19103F-16F7-4668-BE54-9A1E7A4F7556}") = "TraversalCoreProje.WebAPI", "TraversalCoreProje.WebAPI\TraversalCoreProje.WebAPI.csproj", "{F704FD6F-A725-4CEC-BC2F-5EEB70F93904}"
EndProject
Project("{9A19103F-16F7-4668-BE54-9A1E7A4F7556}") = "TraversolCoreProje.WebUI", "TraversolCoreProje.WebUI\TraversolCoreProje.WebUI.csproj", "{391B672F-DC37-415B-829B-2AF911BD79C1}"
EndProject
Project("{9A19103F-16F7-4668-BE54-9A1E7A4F7556}") = "TraversolCoreProje.Dto", "TraversolCoreProje.Dto\TraversolCoreProje.Dto.csproj", "{DD5A8E1A-BC33-457F-B86B-3BA937A70EC1}"
EndProject
Project("{9A19103F-16F7-4668-BE54-9A1E7A4F7556}") = "TraversolCoreProje.DataAccessLayer", "TraversolCoreProje.DataAccessLayer\TraversolCoreProje.DataAccessLayer.csproj", "{4A80208D-7A50-45D9-9812-4C20D1147B6A}"
EndProject
Project("{9A19103F-16F7-4668-BE54-9A1E7A4F7556}") = "TraversalCoreProje.CoreLayer", "TraversalCoreProje.CoreLayer\TraversalCoreProje.CoreLayer.csproj", "{0C50D072-CB9D-4AAB-A351-244BCCCB5A2C}"
EndProject
Project("{9A19103F-16F7-4668-BE54-9A1E7A4F7556}") = "TraversalCoreProje.BusinessLayer", "TraversalCoreProje.BusinessLayer\TraversalCoreProje.BusinessLayer.csproj", "{0494C684-29C1-4EA2-BF56-826FCED86CB0}"
EndProject
Project("{FAE04EC0-301F-11D3-BF4B-00C04F79EFBC}") = "TraversalCoreProje.Shared", "TraversalCoreProje.Shared\TraversalCoreProje.Shared.csproj", "{33760FB5-B8A3-4E5F-8593-64DD97DDDB8D}"
EndProject
Project("{FAE04EC0-301F-11D3-BF4B-00C04F79EFBC}") = "TraversalCoreProje.ViewModels", "TraversalCoreProje.ViewModels\TraversalCoreProje.ViewModels.csproj", "{261870A1-5352-4388-A21C-FBCF3ECA5321}"
EndProject
Global
	GlobalSection(SolutionConfigurationPlatforms) = preSolution
		Debug|Any CPU = Debug|Any CPU
		Release|Any CPU = Release|Any CPU
	EndGlobalSection
	GlobalSection(ProjectConfigurationPlatforms) = postSolution
		{F704FD6F-A725-4CEC-BC2F-5EEB70F93904}.Debug|Any CPU.ActiveCfg = Debug|Any CPU
		{F704FD6F-A725-4CEC-BC2F-5EEB70F93904}.Debug|Any CPU.Build.0 = Debug|Any CPU
		{F704FD6F-A725-4CEC-BC2F-5EEB70F93904}.Release|Any CPU.ActiveCfg = Release|Any CPU
		{F704FD6F-A725-4CEC-BC2F-5EEB70F93904}.Release|Any CPU.Build.0 = Release|Any CPU
		{391B672F-DC37-415B-829B-2AF911BD79C1}.Debug|Any CPU.ActiveCfg = Debug|Any CPU
		{391B672F-DC37-415B-829B-2AF911BD79C1}.Debug|Any CPU.Build.0 = Debug|Any CPU
		{391B672F-DC37-415B-829B-2AF911BD79C1}.Release|Any CPU.ActiveCfg = Release|Any CPU
		{391B672F-DC37-415B-829B-2AF911BD79C1}.Release|Any CPU.Build.0 = Release|Any CPU
		{DD5A8E1A-BC33-457F-B86B-3BA937A70EC1}.Debug|Any CPU.ActiveCfg = Debug|Any CPU
		{DD5A8E1A-BC33-457F-B86B-3BA937A70EC1}.Debug|Any CPU.Build.0 = Debug|Any CPU
		{DD5A8E1A-BC33-457F-B86B-3BA937A70EC1}.Release|Any CPU.ActiveCfg = Release|Any CPU
		{DD5A8E1A-BC33-457F-B86B-3BA937A70EC1}.Release|Any CPU.Build.0 = Release|Any CPU
		{4A80208D-7A50-45D9-9812-4C20D1147B6A}.Debug|Any CPU.ActiveCfg = Debug|Any CPU
		{4A80208D-7A50-45D9-9812-4C20D1147B6A}.Debug|Any CPU.Build.0 = Debug|Any CPU
		{4A80208D-7A50-45D9-9812-4C20D1147B6A}.Release|Any CPU.ActiveCfg = Release|Any CPU
		{4A80208D-7A50-45D9-9812-4C20D1147B6A}.Release|Any CPU.Build.0 = Release|Any CPU
		{0C50D072-CB9D-4AAB-A351-244BCCCB5A2C}.Debug|Any CPU.ActiveCfg = Debug|Any CPU
		{0C50D072-CB9D-4AAB-A351-244BCCCB5A2C}.Debug|Any CPU.Build.0 = Debug|Any CPU
		{0C50D072-CB9D-4AAB-A351-244BCCCB5A2C}.Release|Any CPU.ActiveCfg = Release|Any CPU
		{0C50D072-CB9D-4AAB-A351-244BCCCB5A2C}.Release|Any CPU.Build.0 = Release|Any CPU
		{0494C684-29C1-4EA2-BF56-826FCED86CB0}.Debug|Any CPU.ActiveCfg = Debug|Any CPU
		{0494C684-29C1-4EA2-BF56-826FCED86CB0}.Debug|Any CPU.Build.0 = Debug|Any CPU
		{0494C684-29C1-4EA2-BF56-826FCED86CB0}.Release|Any CPU.ActiveCfg = Release|Any CPU
		{0494C684-29C1-4EA2-BF56-826FCED86CB0}.Release|Any CPU.Build.0 = Release|Any CPU
		{33760FB5-B8A3-4E5F-8593-64DD97DDDB8D}.Debug|Any CPU.ActiveCfg = Debug|Any CPU
		{33760FB5-B8A3-4E5F-8593-64DD97DDDB8D}.Debug|Any CPU.Build.0 = Debug|Any CPU
		{33760FB5-B8A3-4E5F-8593-64DD97DDDB8D}.Release|Any CPU.ActiveCfg = Release|Any CPU
		{33760FB5-B8A3-4E5F-8593-64DD97DDDB8D}.Release|Any CPU.Build.0 = Release|Any CPU
		{261870A1-5352-4388-A21C-FBCF3ECA5321}.Debug|Any CPU.ActiveCfg = Debug|Any CPU
		{261870A1-5352-4388-A21C-FBCF3ECA5321}.Debug|Any CPU.Build.0 = Debug|Any CPU
		{261870A1-5352-4388-A21C-FBCF3ECA5321}.Release|Any CPU.ActiveCfg = Release|Any CPU
		{261870A1-5352-4388-A21C-FBCF3ECA5321}.Release|Any CPU.Build.0 = Release|Any CPU
	EndGlobalSection
	GlobalSection(SolutionProperties) = preSolution
		HideSolutionNode = FALSE
	EndGlobalSection
	GlobalSection(ExtensibilityGlobals) = postSolution
		SolutionGuid = {54703A3C-A049-4193-9799-FD0F93212897}
	EndGlobalSection
EndGlobal
